# THIS IS AN AUTOGENERATED FILE. DO NOT EDIT THIS FILE DIRECTLY.
# yarn lockfile v1


tailwindcss@^4.0.8:
  version "4.0.8"
  resolved "https://registry.yarnpkg.com/tailwindcss/-/tailwindcss-4.0.8.tgz#25d7fed091aacd16e2a3b8b86d51eea0a482fb1c"
  integrity sha512-Me7N5CKR+D2A1xdWA5t5+kjjT7bwnxZOE6/yDI/ixJdJokszsn2n++mdU5yJwrsTpqFX2B9ZNMBJDwcqk9C9lw==
